<?xml version="1.0" encoding="utf-8"?>
<Project ToolsVersion="4.0" xmlns="http://schemas.microsoft.com/developer/msbuild/2003">
  <ItemGroup>
    <Filter Include="ソース ファイル">
      <UniqueIdentifier>{4FC737F1-C7A5-4376-A066-2A32D752A2FF}</UniqueIdentifier>
      <Extensions>cpp;c;cc;cxx;c++;cppm;ixx;def;odl;idl;hpj;bat;asm;asmx</Extensions>
    </Filter>
    <Filter Include="ヘッダー ファイル">
      <UniqueIdentifier>{93995380-89BD-4b04-88EB-625FBE52EBFB}</UniqueIdentifier>
      <Extensions>h;hh;hpp;hxx;h++;hm;inl;inc;ipp;xsd</Extensions>
    </Filter>
    <Filter Include="リソース ファイル">
      <UniqueIdentifier>{67DA6AB6-F800-4c08-8B7A-83BB121AAD01}</UniqueIdentifier>
      <Extensions>rc;ico;cur;bmp;dlg;rc2;rct;bin;rgs;gif;jpg;jpeg;jpe;resx;tiff;tif;png;wav;mfcribbon-ms</Extensions>
    </Filter>
    <Filter Include="シェーダーファイル">
      <UniqueIdentifier>{4a6f0499-feeb-4a22-9168-a6c1a7a41583}</UniqueIdentifier>
    </Filter>
    <Filter Include="ソース ファイル\engine">
      <UniqueIdentifier>{ed1d3c9e-69e5-4a54-886d-a4db20c9cbac}</UniqueIdentifier>
    </Filter>
    <Filter Include="ソース ファイル\application">
      <UniqueIdentifier>{6fc9c507-1264-4933-a920-3e01ccd8211b}</UniqueIdentifier>
    </Filter>
    <Filter Include="ソース ファイル\engine\2D">
      <UniqueIdentifier>{85db939d-08fe-4777-ba58-b5507ac8c134}</UniqueIdentifier>
    </Filter>
    <Filter Include="ソース ファイル\engine\3D">
      <UniqueIdentifier>{9048b776-f7a4-4542-b66e-fbd3123e8f83}</UniqueIdentifier>
    </Filter>
    <Filter Include="ソース ファイル\engine\base">
      <UniqueIdentifier>{e1112527-aab4-4fce-8d1f-0c333b6bf220}</UniqueIdentifier>
    </Filter>
    <Filter Include="ソース ファイル\engine\collision">
      <UniqueIdentifier>{780f6e92-feca-4ded-9493-b3ac44c0b101}</UniqueIdentifier>
    </Filter>
    <Filter Include="ソース ファイル\engine\math">
      <UniqueIdentifier>{7224beaf-1422-4ca4-af57-a7f7b414bef2}</UniqueIdentifier>
    </Filter>
    <Filter Include="ソース ファイル\engine\scene">
      <UniqueIdentifier>{1d1b91e0-21e3-479a-a55b-45311db695de}</UniqueIdentifier>
    </Filter>
    <Filter Include="ヘッダー ファイル\application">
      <UniqueIdentifier>{303021af-dd1b-47e7-ba6a-e00e31dc1d1f}</UniqueIdentifier>
    </Filter>
    <Filter Include="ヘッダー ファイル\engine">
      <UniqueIdentifier>{1e831c1d-efd4-4f65-a726-bfd85b05d4a7}</UniqueIdentifier>
    </Filter>
    <Filter Include="ヘッダー ファイル\engine\2D">
      <UniqueIdentifier>{bf544782-2019-413b-9ab2-6546c23a2a12}</UniqueIdentifier>
    </Filter>
    <Filter Include="ヘッダー ファイル\engine\3D">
      <UniqueIdentifier>{84e9f3b1-e92e-401d-9f88-19df2eecc17e}</UniqueIdentifier>
    </Filter>
    <Filter Include="ヘッダー ファイル\engine\base">
      <UniqueIdentifier>{16b6dfa7-3787-4057-8a2a-c2f757a1df47}</UniqueIdentifier>
    </Filter>
    <Filter Include="ヘッダー ファイル\engine\collision">
      <UniqueIdentifier>{82aedff8-1b91-4113-a52c-f183fdda9193}</UniqueIdentifier>
    </Filter>
    <Filter Include="ヘッダー ファイル\engine\math">
      <UniqueIdentifier>{40e03046-e66f-45bf-8a34-8b6801a36efd}</UniqueIdentifier>
    </Filter>
    <Filter Include="ヘッダー ファイル\engine\scene">
      <UniqueIdentifier>{63be1ad6-d2f5-49e6-95e4-2d58d189a75b}</UniqueIdentifier>
    </Filter>
  </ItemGroup>
  <ItemGroup>
    <ClCompile Include="DirectXGame\application\Enemy.cpp">
      <Filter>ソース ファイル\application</Filter>
    </ClCompile>
    <ClCompile Include="DirectXGame\application\GamePlayScene.cpp">
      <Filter>ソース ファイル\application</Filter>
    </ClCompile>
    <ClCompile Include="DirectXGame\application\GameTitleScene.cpp">
      <Filter>ソース ファイル\application</Filter>
    </ClCompile>
    <ClCompile Include="DirectXGame\application\MyGame.cpp">
      <Filter>ソース ファイル\application</Filter>
    </ClCompile>
    <ClCompile Include="DirectXGame\application\Player.cpp">
      <Filter>ソース ファイル\application</Filter>
    </ClCompile>
    <ClCompile Include="DirectXGame\application\PlayerBullet.cpp">
      <Filter>ソース ファイル\application</Filter>
    </ClCompile>
    <ClCompile Include="DirectXGame\engine\2d\DrawInfo.cpp">
      <Filter>ソース ファイル\engine\2D</Filter>
    </ClCompile>
    <ClCompile Include="DirectXGame\engine\2d\ImguiManager.cpp">
      <Filter>ソース ファイル\engine\2D</Filter>
    </ClCompile>
    <ClCompile Include="DirectXGame\engine\2d\Sprite.cpp">
      <Filter>ソース ファイル\engine\2D</Filter>
    </ClCompile>
    <ClCompile Include="DirectXGame\engine\2d\Texture.cpp">
      <Filter>ソース ファイル\engine\2D</Filter>
    </ClCompile>
    <ClCompile Include="DirectXGame\engine\3d\Camera.cpp">
      <Filter>ソース ファイル\engine\3D</Filter>
    </ClCompile>
    <ClCompile Include="DirectXGame\engine\3d\FbxLoader.cpp">
      <Filter>ソース ファイル\engine\3D</Filter>
    </ClCompile>
    <ClCompile Include="DirectXGame\engine\3d\FbxModel.cpp">
      <Filter>ソース ファイル\engine\3D</Filter>
    </ClCompile>
    <ClCompile Include="DirectXGame\engine\3d\FbxObject3d.cpp">
      <Filter>ソース ファイル\engine\3D</Filter>
    </ClCompile>
    <ClCompile Include="DirectXGame\engine\3d\GpPipeline.cpp">
      <Filter>ソース ファイル\engine\3D</Filter>
    </ClCompile>
    <ClCompile Include="DirectXGame\engine\3d\DebugLine.cpp">
      <Filter>ソース ファイル\engine\3D</Filter>
    </ClCompile>
    <ClCompile Include="DirectXGame\engine\3d\Material.cpp">
      <Filter>ソース ファイル\engine\3D</Filter>
    </ClCompile>
    <ClCompile Include="DirectXGame\engine\3d\Model.cpp">
      <Filter>ソース ファイル\engine\3D</Filter>
    </ClCompile>
    <ClCompile Include="DirectXGame\engine\3d\Object3d.cpp">
      <Filter>ソース ファイル\engine\3D</Filter>
    </ClCompile>
    <ClCompile Include="DirectXGame\engine\3d\Sphere.cpp">
      <Filter>ソース ファイル\engine\3D</Filter>
    </ClCompile>
    <ClCompile Include="DirectXGame\engine\base\DirectX.cpp">
      <Filter>ソース ファイル\engine\base</Filter>
    </ClCompile>
    <ClCompile Include="DirectXGame\engine\base\KEngineFramework.cpp">
      <Filter>ソース ファイル\engine\base</Filter>
    </ClCompile>
    <ClCompile Include="DirectXGame\engine\base\WindowsAPI.cpp">
      <Filter>ソース ファイル\engine\base</Filter>
    </ClCompile>
    <ClCompile Include="DirectXGame\engine\math\EasingData.cpp">
      <Filter>ソース ファイル\engine\math</Filter>
    </ClCompile>
    <ClCompile Include="DirectXGame\engine\math\MathInfo.cpp">
      <Filter>ソース ファイル\engine\math</Filter>
    </ClCompile>
    <ClCompile Include="DirectXGame\engine\math\Matrix4.cpp">
      <Filter>ソース ファイル\engine\math</Filter>
    </ClCompile>
    <ClCompile Include="DirectXGame\engine\math\Transform.cpp">
      <Filter>ソース ファイル\engine\math</Filter>
    </ClCompile>
    <ClCompile Include="DirectXGame\engine\math\Util.cpp">
      <Filter>ソース ファイル\engine\math</Filter>
    </ClCompile>
    <ClCompile Include="DirectXGame\engine\math\Vector2.cpp">
      <Filter>ソース ファイル\engine\math</Filter>
    </ClCompile>
    <ClCompile Include="DirectXGame\engine\math\Vector3.cpp">
      <Filter>ソース ファイル\engine\math</Filter>
    </ClCompile>
    <ClCompile Include="DirectXGame\engine\math\Vector4.cpp">
      <Filter>ソース ファイル\engine\math</Filter>
    </ClCompile>
    <ClCompile Include="DirectXGame\engine\math\Vertex.cpp">
      <Filter>ソース ファイル\engine\math</Filter>
    </ClCompile>
    <ClCompile Include="DirectXGame\engine\scene\GameBaseScene.cpp">
      <Filter>ソース ファイル\engine\scene</Filter>
    </ClCompile>
    <ClCompile Include="DirectXGame\engine\scene\GameSceneManager.cpp">
      <Filter>ソース ファイル\engine\scene</Filter>
    </ClCompile>
    <ClCompile Include="DirectXGame\engine\scene\SceneFactory.cpp">
      <Filter>ソース ファイル\engine\scene</Filter>
    </ClCompile>
    <ClCompile Include="DirectXGame\engine\math\SplineCurve.cpp">
      <Filter>ソース ファイル\engine\math</Filter>
    </ClCompile>
    <ClCompile Include="DirectXGame\engine\3d\ParticleManager.cpp">
      <Filter>ソース ファイル\engine\3D</Filter>
    </ClCompile>
    <ClCompile Include="DirectXGame\main.cpp">
      <Filter>ソース ファイル</Filter>
    </ClCompile>
    <ClCompile Include="DirectXGame\application\RailCamera.cpp">
      <Filter>ソース ファイル\engine\3D</Filter>
    </ClCompile>
    <ClCompile Include="DirectXGame\engine\2d\PostEffect.cpp">
      <Filter>ソース ファイル\engine\2D</Filter>
    </ClCompile>
    <ClCompile Include="DirectXGame\engine\Input.cpp">
      <Filter>ソース ファイル\engine</Filter>
    </ClCompile>
    <ClCompile Include="DirectXGame\engine\AudioManager.cpp">
      <Filter>ソース ファイル\engine</Filter>
    </ClCompile>
    <ClCompile Include="DirectXGame\engine\collision\BaseCollider.cpp">
      <Filter>ソース ファイル\engine\collision</Filter>
    </ClCompile>
    <ClCompile Include="DirectXGame\engine\collision\Collision.cpp">
      <Filter>ソース ファイル\engine\collision</Filter>
    </ClCompile>
    <ClCompile Include="DirectXGame\engine\collision\CollisionInfo.cpp">
      <Filter>ソース ファイル\engine\collision</Filter>
    </ClCompile>
    <ClCompile Include="DirectXGame\engine\collision\CollisionManager.cpp">
      <Filter>ソース ファイル\engine\collision</Filter>
    </ClCompile>
    <ClCompile Include="DirectXGame\engine\collision\CollisionPrimitive.cpp">
      <Filter>ソース ファイル\engine\collision</Filter>
    </ClCompile>
    <ClCompile Include="DirectXGame\engine\collision\CollisionTypes.cpp">
      <Filter>ソース ファイル\engine\collision</Filter>
    </ClCompile>
    <ClCompile Include="DirectXGame\engine\collision\SphereCollider.cpp">
      <Filter>ソース ファイル\engine\collision</Filter>
    </ClCompile>
    <ClCompile Include="DirectXGame\application\GameOverScene.cpp">
      <Filter>ソース ファイル</Filter>
    </ClCompile>
    <ClCompile Include="DirectXGame\application\EnemyBullet.cpp">
      <Filter>ソース ファイル</Filter>
    </ClCompile>
    <ClCompile Include="DirectXGame\application\TestScene.cpp">
      <Filter>ソース ファイル</Filter>
    </ClCompile>
  </ItemGroup>
  <ItemGroup>
    <FxCompile Include="Resources\shaders\BasicPS.hlsl">
      <Filter>シェーダーファイル</Filter>
    </FxCompile>
    <FxCompile Include="Resources\shaders\BasicVS.hlsl">
      <Filter>シェーダーファイル</Filter>
    </FxCompile>
    <FxCompile Include="Resources\shaders\SpritePixelShader.hlsl">
      <Filter>シェーダーファイル</Filter>
    </FxCompile>
    <FxCompile Include="Resources\shaders\SpriteVertexShader.hlsl">
      <Filter>シェーダーファイル</Filter>
    </FxCompile>
    <FxCompile Include="Resources\shaders\ObjPixelShader.hlsl">
      <Filter>シェーダーファイル</Filter>
    </FxCompile>
    <FxCompile Include="Resources\shaders\ObjVertexShader.hlsl">
      <Filter>シェーダーファイル</Filter>
    </FxCompile>
    <FxCompile Include="Resources\shaders\BasicGeometryShader.hlsl">
      <Filter>シェーダーファイル</Filter>
    </FxCompile>
    <FxCompile Include="Resources\shaders\FBXPS.hlsl">
      <Filter>シェーダーファイル</Filter>
    </FxCompile>
    <FxCompile Include="Resources\shaders\FBXVS.hlsl">
      <Filter>シェーダーファイル</Filter>
    </FxCompile>
    <FxCompile Include="Resources\shaders\PostEffectTestPS.hlsl">
      <Filter>シェーダーファイル</Filter>
    </FxCompile>
    <FxCompile Include="Resources\shaders\PostEffectTestVS.hlsl">
      <Filter>シェーダーファイル</Filter>
    </FxCompile>
    <FxCompile Include="Resources\shaders\ParticleGS.hlsl">
      <Filter>シェーダーファイル</Filter>
    </FxCompile>
    <FxCompile Include="Resources\shaders\ParticlePS.hlsl">
      <Filter>シェーダーファイル</Filter>
    </FxCompile>
    <FxCompile Include="Resources\shaders\ParticleVS.hlsl">
      <Filter>シェーダーファイル</Filter>
    </FxCompile>
    <FxCompile Include="Resources\shaders\DebugLineVS.hlsl">
      <Filter>シェーダーファイル</Filter>
    </FxCompile>
    <FxCompile Include="Resources\shaders\DebugLinePS.hlsl">
      <Filter>シェーダーファイル</Filter>
    </FxCompile>
  </ItemGroup>
  <ItemGroup>
    <None Include="Resources\shaders\Basic.hlsli">
      <Filter>シェーダーファイル</Filter>
    </None>
    <None Include="Resources\shaders\Sprite.hlsli">
      <Filter>シェーダーファイル</Filter>
    </None>
    <None Include="Resources\shaders\Obj.hlsli">
      <Filter>シェーダーファイル</Filter>
    </None>
    <None Include="Resources\shaders\FBX.hlsli">
      <Filter>シェーダーファイル</Filter>
    </None>
    <None Include="Resources\shaders\PostEffectTest.hlsli">
      <Filter>シェーダーファイル</Filter>
    </None>
    <None Include="Resources\shaders\Particle.hlsli">
      <Filter>シェーダーファイル</Filter>
    </None>
    <None Include="Resources\shaders\DebugLine.hlsli">
      <Filter>シェーダーファイル</Filter>
    </None>
  </ItemGroup>
  <ItemGroup>
    <ClInclude Include="DirectXGame\application\GamePlayScene.h">
      <Filter>ヘッダー ファイル\application</Filter>
    </ClInclude>
    <ClInclude Include="DirectXGame\application\GameTitleScene.h">
      <Filter>ヘッダー ファイル\application</Filter>
    </ClInclude>
    <ClInclude Include="DirectXGame\application\Enemy.h">
      <Filter>ヘッダー ファイル\application</Filter>
    </ClInclude>
    <ClInclude Include="DirectXGame\application\Player.h">
      <Filter>ヘッダー ファイル\application</Filter>
    </ClInclude>
    <ClInclude Include="DirectXGame\application\PlayerBullet.h">
      <Filter>ヘッダー ファイル\application</Filter>
    </ClInclude>
    <ClInclude Include="DirectXGame\application\MyGame.h">
      <Filter>ヘッダー ファイル\application</Filter>
    </ClInclude>
    <ClInclude Include="DirectXGame\engine\2d\DrawInfo.h">
      <Filter>ヘッダー ファイル\engine\2D</Filter>
    </ClInclude>
    <ClInclude Include="DirectXGame\engine\2d\PostEffect.h">
      <Filter>ヘッダー ファイル\engine\2D</Filter>
    </ClInclude>
    <ClInclude Include="DirectXGame\engine\2d\Texture.h">
      <Filter>ヘッダー ファイル\engine\2D</Filter>
    </ClInclude>
    <ClInclude Include="DirectXGame\engine\2d\Sprite.h">
      <Filter>ヘッダー ファイル\engine\2D</Filter>
    </ClInclude>
    <ClInclude Include="DirectXGame\application\RailCamera.h">
      <Filter>ヘッダー ファイル\engine\3D</Filter>
    </ClInclude>
    <ClInclude Include="DirectXGame\engine\2d\ImguiManager.h">
      <Filter>ヘッダー ファイル\engine\2D</Filter>
    </ClInclude>
    <ClInclude Include="DirectXGame\engine\3d\Camera.h">
      <Filter>ヘッダー ファイル\engine\3D</Filter>
    </ClInclude>
    <ClInclude Include="DirectXGame\engine\3d\FbxLoader.h">
      <Filter>ヘッダー ファイル\engine\3D</Filter>
    </ClInclude>
    <ClInclude Include="DirectXGame\engine\3d\FbxModel.h">
      <Filter>ヘッダー ファイル\engine\3D</Filter>
    </ClInclude>
    <ClInclude Include="DirectXGame\engine\3d\FbxObject3d.h">
      <Filter>ヘッダー ファイル\engine\3D</Filter>
    </ClInclude>
    <ClInclude Include="DirectXGame\engine\3d\GpPipeline.h">
      <Filter>ヘッダー ファイル\engine\3D</Filter>
    </ClInclude>
    <ClInclude Include="DirectXGame\engine\3d\DebugLine.h">
      <Filter>ヘッダー ファイル\engine\3D</Filter>
    </ClInclude>
    <ClInclude Include="DirectXGame\engine\3d\Material.h">
      <Filter>ヘッダー ファイル\engine\3D</Filter>
    </ClInclude>
    <ClInclude Include="DirectXGame\engine\3d\Model.h">
      <Filter>ヘッダー ファイル\engine\3D</Filter>
    </ClInclude>
    <ClInclude Include="DirectXGame\engine\3d\Object3d.h">
      <Filter>ヘッダー ファイル\engine\3D</Filter>
    </ClInclude>
    <ClInclude Include="DirectXGame\engine\3d\Sphere.h">
      <Filter>ヘッダー ファイル\engine\3D</Filter>
    </ClInclude>
    <ClInclude Include="DirectXGame\engine\base\AbstractSceneFactory.h">
      <Filter>ヘッダー ファイル\engine\base</Filter>
    </ClInclude>
    <ClInclude Include="DirectXGame\engine\base\DirectX.h">
      <Filter>ヘッダー ファイル\engine\base</Filter>
    </ClInclude>
    <ClInclude Include="DirectXGame\engine\base\KEngineFramework.h">
      <Filter>ヘッダー ファイル\engine\base</Filter>
    </ClInclude>
    <ClInclude Include="DirectXGame\engine\base\WindowsAPI.h">
      <Filter>ヘッダー ファイル\engine\base</Filter>
    </ClInclude>
    <ClInclude Include="DirectXGame\engine\math\EasingData.h">
      <Filter>ヘッダー ファイル\engine\math</Filter>
    </ClInclude>
    <ClInclude Include="DirectXGame\engine\math\MathInfo.h">
      <Filter>ヘッダー ファイル\engine\math</Filter>
    </ClInclude>
    <ClInclude Include="DirectXGame\engine\math\Matrix4.h">
      <Filter>ヘッダー ファイル\engine\math</Filter>
    </ClInclude>
    <ClInclude Include="DirectXGame\engine\math\SplineCurve.h">
      <Filter>ヘッダー ファイル\engine\math</Filter>
    </ClInclude>
    <ClInclude Include="DirectXGame\engine\math\Transform.h">
      <Filter>ヘッダー ファイル\engine\math</Filter>
    </ClInclude>
    <ClInclude Include="DirectXGame\engine\math\Util.h">
      <Filter>ヘッダー ファイル\engine\math</Filter>
    </ClInclude>
    <ClInclude Include="DirectXGame\engine\math\Vector2.h">
      <Filter>ヘッダー ファイル\engine\math</Filter>
    </ClInclude>
    <ClInclude Include="DirectXGame\engine\math\Vector3.h">
      <Filter>ヘッダー ファイル\engine\math</Filter>
    </ClInclude>
    <ClInclude Include="DirectXGame\engine\math\Vector4.h">
      <Filter>ヘッダー ファイル\engine\math</Filter>
    </ClInclude>
    <ClInclude Include="DirectXGame\engine\math\Vertex.h">
      <Filter>ヘッダー ファイル\engine\math</Filter>
    </ClInclude>
    <ClInclude Include="DirectXGame\engine\scene\GameBaseScene.h">
      <Filter>ヘッダー ファイル\engine\scene</Filter>
    </ClInclude>
    <ClInclude Include="DirectXGame\engine\scene\GameSceneManager.h">
      <Filter>ヘッダー ファイル\engine\scene</Filter>
    </ClInclude>
    <ClInclude Include="DirectXGame\engine\scene\SceneFactory.h">
      <Filter>ヘッダー ファイル\engine\scene</Filter>
    </ClInclude>
    <ClInclude Include="DirectXGame\engine\Input.h">
      <Filter>ヘッダー ファイル\engine</Filter>
    </ClInclude>
    <ClInclude Include="DirectXGame\engine\AudioManager.h">
      <Filter>ヘッダー ファイル\engine</Filter>
    </ClInclude>
    <ClInclude Include="DirectXGame\engine\collision\BaseCollider.h">
      <Filter>ヘッダー ファイル\engine\collision</Filter>
    </ClInclude>
    <ClInclude Include="DirectXGame\engine\collision\Collision.h">
      <Filter>ヘッダー ファイル\engine\collision</Filter>
    </ClInclude>
    <ClInclude Include="DirectXGame\engine\collision\CollisionInfo.h">
      <Filter>ヘッダー ファイル\engine\collision</Filter>
    </ClInclude>
    <ClInclude Include="DirectXGame\engine\collision\CollisionManager.h">
      <Filter>ヘッダー ファイル\engine\collision</Filter>
    </ClInclude>
    <ClInclude Include="DirectXGame\engine\collision\CollisionPrimitive.h">
      <Filter>ヘッダー ファイル\engine\collision</Filter>
    </ClInclude>
    <ClInclude Include="DirectXGame\engine\collision\CollisionTypes.h">
      <Filter>ヘッダー ファイル\engine\collision</Filter>
    </ClInclude>
    <ClInclude Include="DirectXGame\engine\collision\SphereCollider.h">
      <Filter>ヘッダー ファイル\engine\collision</Filter>
    </ClInclude>
    <ClInclude Include="DirectXGame\engine\collision\CollisionAttribute.h">
      <Filter>ヘッダー ファイル\engine\collision</Filter>
    </ClInclude>
    <ClInclude Include="DirectXGame\application\GameOverScene.h">
      <Filter>ヘッダー ファイル</Filter>
    </ClInclude>
    <ClInclude Include="DirectXGame\application\EnemyBullet.h">
      <Filter>ヘッダー ファイル</Filter>
    </ClInclude>
    <ClInclude Include="DirectXGame\application\TestScene.h">
      <Filter>ヘッダー ファイル</Filter>
    </ClInclude>
  </ItemGroup>
</Project>